{
  "name": "@aeriajs/builtins",
  "version": "0.0.214",
  "lockfileVersion": 3,
  "requires": true,
  "packages": {
    "": {
      "name": "@aeriajs/builtins",
      "version": "0.0.214",
      "license": "ISC",
      "dependencies": {
        "bcrypt": "^5.1.1"
      },
      "devDependencies": {
        "@aeriajs/common": "file:../common",
        "@aeriajs/core": "file:../core",
        "@aeriajs/entrypoint": "file:../entrypoint",
        "@aeriajs/types": "file:../types",
        "@aeriajs/validation": "file:../validation",
        "@types/bcrypt": "^5.0.2",
        "mongodb": "^6.5.0"
      },
      "peerDependencies": {
        "@aeriajs/common": "^0.0.125",
        "@aeriajs/core": "^0.0.214",
        "@aeriajs/entrypoint": "^0.0.128",
        "@aeriajs/types": "^0.0.107",
        "@aeriajs/validation": "^0.0.139"
      }
    },
    "../../node_modules/.pnpm/@phosphor-icons+core@2.1.1/node_modules/@phosphor-icons/core": {
      "version": "2.1.1",
      "dev": true,
      "license": "MIT",
      "devDependencies": {
        "@types/node": "^18",
        "chalk": "^4",
        "commander": "^9.5.0",
        "prettier": "^2.8.3",
        "svgson": "^5.3.1",
        "tsx": "^4.7.0",
        "typescript": "^4.9.4",
        "vite": "^5.0.12"
      }
    },
    "../../node_modules/.pnpm/@types+bcrypt@5.0.2/node_modules/@types/bcrypt": {
      "version": "5.0.2",
      "dev": true,
      "license": "MIT",
      "dependencies": {
        "@types/node": "*"
      }
    },
    "../../node_modules/.pnpm/@types+jsonwebtoken@9.0.7/node_modules/@types/jsonwebtoken": {
      "version": "9.0.7",
      "dev": true,
      "license": "MIT",
      "dependencies": {
        "@types/node": "*"
      }
    },
    "../../node_modules/.pnpm/bcrypt@5.1.1/node_modules/bcrypt": {
      "version": "5.1.1",
      "hasInstallScript": true,
      "license": "MIT",
      "dependencies": {
        "@mapbox/node-pre-gyp": "^1.0.11",
        "node-addon-api": "^5.0.0"
      },
      "devDependencies": {
        "jest": "^29.6.2"
      },
      "engines": {
        "node": ">= 10.0.0"
      }
    },
    "../../node_modules/.pnpm/bson@6.10.0/node_modules/bson": {
      "version": "6.10.0",
      "dev": true,
      "license": "Apache-2.0",
      "devDependencies": {
        "@istanbuljs/nyc-config-typescript": "^1.0.2",
        "@microsoft/api-extractor": "^7.47.5",
        "@rollup/plugin-node-resolve": "^15.2.3",
        "@rollup/plugin-typescript": "^11.1.6",
        "@types/chai": "^4.3.17",
        "@types/mocha": "^10.0.7",
        "@types/node": "^22.1.0",
        "@types/sinon": "^17.0.3",
        "@types/sinon-chai": "^3.2.12",
        "@typescript-eslint/eslint-plugin": "^8.0.1",
        "@typescript-eslint/parser": "^8.0.1",
        "benchmark": "^2.1.4",
        "chai": "^4.4.1",
        "chalk": "^5.3.0",
        "dbx-js-tools": "github:mongodb-js/dbx-js-tools",
        "eslint": "^9.8.0",
        "eslint-config-prettier": "^9.1.0",
        "eslint-plugin-no-bigint-usage": "file:etc/eslint/no-bigint-usage",
        "eslint-plugin-prettier": "^5.2.1",
        "eslint-plugin-tsdoc": "^0.3.0",
        "magic-string": "^0.30.11",
        "mocha": "^10.7.0",
        "node-fetch": "^3.3.2",
        "nyc": "^15.1.0",
        "prettier": "^3.3.3",
        "rollup": "^4.20.0",
        "sinon": "^18.0.0",
        "sinon-chai": "^3.7.0",
        "source-map-support": "^0.5.21",
        "standard-version": "^9.5.0",
        "tar": "^7.4.3",
        "ts-node": "^10.9.2",
        "tsd": "^0.31.1",
        "typescript": "^5.5.4",
        "typescript-cached-transpile": "0.0.6",
        "uuid": "^10.0.0"
      },
      "engines": {
        "node": ">=16.20.1"
      }
    },
    "../../node_modules/.pnpm/jsonwebtoken@9.0.2/node_modules/jsonwebtoken": {
      "version": "9.0.2",
      "dev": true,
      "license": "MIT",
      "dependencies": {
        "jws": "^3.2.2",
        "lodash.includes": "^4.3.0",
        "lodash.isboolean": "^3.0.3",
        "lodash.isinteger": "^4.0.4",
        "lodash.isnumber": "^3.0.3",
        "lodash.isplainobject": "^4.0.6",
        "lodash.isstring": "^4.0.1",
        "lodash.once": "^4.0.0",
        "ms": "^2.1.1",
        "semver": "^7.5.4"
      },
      "devDependencies": {
        "atob": "^2.1.2",
        "chai": "^4.1.2",
        "conventional-changelog": "~1.1.0",
        "cost-of-modules": "^1.0.1",
        "eslint": "^4.19.1",
        "mocha": "^5.2.0",
        "nsp": "^2.6.2",
        "nyc": "^11.9.0",
        "sinon": "^6.0.0"
      },
      "engines": {
        "node": ">=12",
        "npm": ">=6"
      }
    },
    "../../node_modules/.pnpm/mongodb-memory-server@9.5.0/node_modules/mongodb-memory-server": {
      "version": "9.5.0",
      "dev": true,
      "hasInstallScript": true,
      "license": "MIT",
      "dependencies": {
        "mongodb-memory-server-core": "9.5.0",
        "tslib": "^2.6.3"
      },
      "engines": {
        "node": ">=14.20.1"
      }
    },
    "../../node_modules/.pnpm/mongodb@6.11.0_socks@2.8.3/node_modules/mongodb": {
      "version": "6.11.0",
      "dev": true,
      "license": "Apache-2.0",
      "dependencies": {
        "@mongodb-js/saslprep": "^1.1.9",
        "bson": "^6.10.0",
        "mongodb-connection-string-url": "^3.0.0"
      },
      "devDependencies": {
        "@aws-sdk/credential-providers": "^3.686.0",
        "@iarna/toml": "^2.2.5",
        "@istanbuljs/nyc-config-typescript": "^1.0.2",
        "@microsoft/api-extractor": "^7.47.11",
        "@microsoft/tsdoc-config": "^0.17.0",
        "@mongodb-js/zstd": "^1.2.2",
        "@types/chai": "^4.3.17",
        "@types/chai-subset": "^1.3.5",
        "@types/express": "^4.17.21",
        "@types/kerberos": "^1.1.5",
        "@types/mocha": "^10.0.9",
        "@types/node": "^22.9.0",
        "@types/saslprep": "^1.0.3",
        "@types/semver": "^7.5.8",
        "@types/sinon": "^17.0.3",
        "@types/sinon-chai": "^3.2.12",
        "@types/whatwg-url": "^11.0.5",
        "@typescript-eslint/eslint-plugin": "8.4.0",
        "@typescript-eslint/parser": "8.4.0",
        "chai": "^4.4.1",
        "chai-subset": "^1.6.0",
        "chalk": "^4.1.2",
        "eslint": "9.9.0",
        "eslint-config-prettier": "^9.1.0",
        "eslint-plugin-mocha": "^10.4.1",
        "eslint-plugin-prettier": "^5.2.1",
        "eslint-plugin-simple-import-sort": "^12.1.1",
        "eslint-plugin-tsdoc": "^0.3.0",
        "eslint-plugin-unused-imports": "^4.1.4",
        "express": "^4.21.1",
        "gcp-metadata": "^5.3.0",
        "js-yaml": "^4.1.0",
        "mocha": "^10.8.2",
        "mocha-sinon": "^2.1.2",
        "mongodb-client-encryption": "^6.1.0",
        "mongodb-legacy": "^6.1.3",
        "nyc": "^15.1.0",
        "prettier": "^3.3.3",
        "semver": "^7.6.3",
        "sinon": "^18.0.0",
        "sinon-chai": "^3.7.0",
        "snappy": "^7.2.2",
        "socks": "^2.8.1",
        "source-map-support": "^0.5.21",
        "ts-node": "^10.9.2",
        "tsd": "^0.31.2",
        "typescript": "5.5",
        "typescript-cached-transpile": "^0.0.6",
        "v8-heapsnapshot": "^1.3.1",
        "yargs": "^17.7.2"
      },
      "engines": {
        "node": ">=16.20.1"
      },
      "peerDependencies": {
        "@aws-sdk/credential-providers": "^3.188.0",
        "@mongodb-js/zstd": "^1.1.0",
        "gcp-metadata": "^5.2.0",
        "kerberos": "^2.0.1",
        "mongodb-client-encryption": ">=6.0.0 <7",
        "snappy": "^7.2.2",
        "socks": "^2.7.1"
      },
      "peerDependenciesMeta": {
        "@aws-sdk/credential-providers": {
          "optional": true
        },
        "@mongodb-js/zstd": {
          "optional": true
        },
        "gcp-metadata": {
          "optional": true
        },
        "kerberos": {
          "optional": true
        },
        "mongodb-client-encryption": {
          "optional": true
        },
        "snappy": {
          "optional": true
        },
        "socks": {
          "optional": true
        }
      }
    },
    "../common": {
      "name": "@aeriajs/common",
      "version": "0.0.125",
      "dev": true,
      "license": "ISC",
      "devDependencies": {
        "@aeriajs/types": "link:../types",
        "bson": "^6.5.0"
      },
      "peerDependencies": {
        "@aeriajs/types": "^0.0.107",
        "bson": "^6.5.0"
      }
    },
    "../common/node_modules/@aeriajs/types": {
      "resolved": "../types",
      "link": true
    },
    "../common/node_modules/bson": {
      "resolved": "../../node_modules/.pnpm/bson@6.10.0/node_modules/bson",
      "link": true
    },
    "../core": {
      "name": "@aeriajs/core",
      "version": "0.0.214",
      "dev": true,
      "hasInstallScript": true,
      "license": "ISC",
      "dependencies": {
        "jsonwebtoken": "^9.0.2",
        "mongodb": "^6.5.0"
      },
      "devDependencies": {
        "@aeriajs/builtins": "link:../builtins",
        "@aeriajs/common": "link:../common",
        "@aeriajs/entrypoint": "link:../entrypoint",
        "@aeriajs/http": "link:../http",
        "@aeriajs/security": "link:../security",
        "@aeriajs/types": "link:../types",
        "@aeriajs/validation": "link:../validation",
        "@types/jsonwebtoken": "^9.0.6",
        "jsonwebtoken": "^9.0.2",
        "mongodb": "^6.5.0",
        "mongodb-memory-server": "^9.2.0"
      },
      "optionalDependencies": {
        "mongodb-memory-server": "^9.2.0"
      },
      "peerDependencies": {
        "@aeriajs/builtins": "^0.0.214",
        "@aeriajs/common": "^0.0.125",
        "@aeriajs/entrypoint": "^0.0.128",
        "@aeriajs/http": "^0.0.150",
        "@aeriajs/security": "^0.0.214",
        "@aeriajs/types": "^0.0.107",
        "@aeriajs/validation": "^0.0.139"
      }
    },
    "../core/node_modules/@aeriajs/builtins": {
      "resolved": "",
      "link": true
    },
    "../core/node_modules/@aeriajs/common": {
      "resolved": "../common",
      "link": true
    },
    "../core/node_modules/@aeriajs/entrypoint": {
      "resolved": "../entrypoint",
      "link": true
    },
    "../core/node_modules/@aeriajs/http": {
      "resolved": "../http",
      "link": true
    },
    "../core/node_modules/@aeriajs/security": {
      "resolved": "../security",
      "link": true
    },
    "../core/node_modules/@aeriajs/types": {
      "resolved": "../types",
      "link": true
    },
    "../core/node_modules/@aeriajs/validation": {
      "resolved": "../validation",
      "link": true
    },
    "../core/node_modules/@types/jsonwebtoken": {
      "resolved": "../../node_modules/.pnpm/@types+jsonwebtoken@9.0.7/node_modules/@types/jsonwebtoken",
      "link": true
    },
    "../core/node_modules/jsonwebtoken": {
      "resolved": "../../node_modules/.pnpm/jsonwebtoken@9.0.2/node_modules/jsonwebtoken",
      "link": true
    },
    "../core/node_modules/mongodb": {
      "resolved": "../../node_modules/.pnpm/mongodb@6.11.0_socks@2.8.3/node_modules/mongodb",
      "link": true
    },
    "../core/node_modules/mongodb-memory-server": {
      "resolved": "../../node_modules/.pnpm/mongodb-memory-server@9.5.0/node_modules/mongodb-memory-server",
      "link": true
    },
    "../entrypoint": {
      "name": "@aeriajs/entrypoint",
      "version": "0.0.128",
      "dev": true,
      "license": "ISC",
      "devDependencies": {
        "@aeriajs/common": "link:../common",
        "@aeriajs/types": "link:../types"
      },
      "peerDependencies": {
        "@aeriajs/common": "^0.0.125",
        "@aeriajs/types": "^0.0.107"
      }
    },
    "../entrypoint/node_modules/@aeriajs/common": {
      "resolved": "../common",
      "link": true
    },
    "../entrypoint/node_modules/@aeriajs/types": {
      "resolved": "../types",
      "link": true
    },
    "../http": {
      "name": "@aeriajs/http",
      "version": "0.0.150",
      "dev": true,
      "license": "ISC",
      "devDependencies": {
        "@aeriajs/common": "link:../common",
        "@aeriajs/entrypoint": "link:../entrypoint",
        "@aeriajs/types": "link:../types",
        "@aeriajs/validation": "link:../validation"
      },
      "peerDependencies": {
        "@aeriajs/common": "^0.0.125",
        "@aeriajs/entrypoint": "^0.0.128",
        "@aeriajs/types": "^0.0.107",
        "@aeriajs/validation": "^0.0.139"
      }
    },
    "../http/node_modules/@aeriajs/common": {
      "resolved": "../common",
      "link": true
    },
    "../http/node_modules/@aeriajs/entrypoint": {
      "resolved": "../entrypoint",
      "link": true
    },
    "../http/node_modules/@aeriajs/types": {
      "resolved": "../types",
      "link": true
    },
    "../http/node_modules/@aeriajs/validation": {
      "resolved": "../validation",
      "link": true
    },
    "../security": {
      "name": "@aeriajs/security",
      "version": "0.0.214",
      "dev": true,
      "license": "ISC",
      "devDependencies": {
        "@aeriajs/common": "link:../common",
        "@aeriajs/core": "link:../core",
        "@aeriajs/types": "link:../types",
        "mongodb": "^6.5.0"
      },
      "peerDependencies": {
        "@aeriajs/common": "^0.0.125",
        "@aeriajs/core": "^0.0.214",
        "@aeriajs/types": "^0.0.107",
        "mongodb": "^6.5.0"
      }
    },
    "../security/node_modules/@aeriajs/common": {
      "resolved": "../common",
      "link": true
    },
    "../security/node_modules/@aeriajs/core": {
      "resolved": "../core",
      "link": true
    },
    "../security/node_modules/@aeriajs/types": {
      "resolved": "../types",
      "link": true
    },
    "../security/node_modules/mongodb": {
      "resolved": "../../node_modules/.pnpm/mongodb@6.11.0_socks@2.8.3/node_modules/mongodb",
      "link": true
    },
    "../types": {
      "name": "@aeriajs/types",
      "version": "0.0.107",
      "dev": true,
      "license": "ISC",
      "devDependencies": {
        "@phosphor-icons/core": "^2.1.1"
      }
    },
    "../types/node_modules/@phosphor-icons/core": {
      "resolved": "../../node_modules/.pnpm/@phosphor-icons+core@2.1.1/node_modules/@phosphor-icons/core",
      "link": true
    },
    "../validation": {
      "name": "@aeriajs/validation",
      "version": "0.0.139",
      "dev": true,
      "license": "ISC",
      "devDependencies": {
        "@aeriajs/common": "link:../common",
        "@aeriajs/entrypoint": "link:../entrypoint",
        "@aeriajs/types": "link:../types"
      },
      "peerDependencies": {
        "@aeriajs/common": "^0.0.125",
        "@aeriajs/entrypoint": "^0.0.128",
        "@aeriajs/types": "^0.0.107",
        "mongodb": "^6.5.0"
      }
    },
    "../validation/node_modules/@aeriajs/common": {
      "resolved": "../common",
      "link": true
    },
    "../validation/node_modules/@aeriajs/entrypoint": {
      "resolved": "../entrypoint",
      "link": true
    },
    "../validation/node_modules/@aeriajs/types": {
      "resolved": "../types",
      "link": true
    },
    "../validation/node_modules/mongodb": {
      "resolved": "../../node_modules/.pnpm/mongodb@6.11.0_socks@2.8.3/node_modules/mongodb",
      "link": true
    },
    "node_modules/@aeriajs/common": {
      "resolved": "../common",
      "link": true
    },
    "node_modules/@aeriajs/core": {
      "resolved": "../core",
      "link": true
    },
    "node_modules/@aeriajs/entrypoint": {
      "resolved": "../entrypoint",
      "link": true
    },
    "node_modules/@aeriajs/types": {
      "resolved": "../types",
      "link": true
    },
    "node_modules/@aeriajs/validation": {
      "resolved": "../validation",
      "link": true
    },
    "node_modules/@types/bcrypt": {
      "resolved": "../../node_modules/.pnpm/@types+bcrypt@5.0.2/node_modules/@types/bcrypt",
      "link": true
    },
    "node_modules/bcrypt": {
      "resolved": "../../node_modules/.pnpm/bcrypt@5.1.1/node_modules/bcrypt",
      "link": true
    },
    "node_modules/mongodb": {
      "resolved": "../../node_modules/.pnpm/mongodb@6.11.0_socks@2.8.3/node_modules/mongodb",
      "link": true
    }
  }
}
